// !$*UTF8*$!
{
	archiveVersion = 1;
	classes = {
	};
	objectVersion = 46;
	objects = {

/* Begin PBXBuildFile section */
		17BF593F1BD29D58DE85FAC5 /* Pods_Winder.framework in Frameworks */ = {isa = PBXBuildFile; fileRef = 6D4FB63AFFE0A26956D28008 /* Pods_Winder.framework */; };
		831840671DD7E52300FF809E /* personalViewController.swift in Sources */ = {isa = PBXBuildFile; fileRef = 831840661DD7E52300FF809E /* personalViewController.swift */; };
		837279D21DF4E6BB00BDB61C /* UserCell.swift in Sources */ = {isa = PBXBuildFile; fileRef = 837279D01DF4E6BB00BDB61C /* UserCell.swift */; };
		837279D31DF4E6BB00BDB61C /* MessageViewController.swift in Sources */ = {isa = PBXBuildFile; fileRef = 837279D11DF4E6BB00BDB61C /* MessageViewController.swift */; };
		837279D91DF51EE900BDB61C /* ShareData.swift in Sources */ = {isa = PBXBuildFile; fileRef = 837279D81DF51EE900BDB61C /* ShareData.swift */; };
		837279DB1DF7B36200BDB61C /* ViewOtherProfileViewController.swift in Sources */ = {isa = PBXBuildFile; fileRef = 837279DA1DF7B36200BDB61C /* ViewOtherProfileViewController.swift */; };
		83AF57F71DD62BBD00C63709 /* AppDelegate.swift in Sources */ = {isa = PBXBuildFile; fileRef = 83AF57F61DD62BBD00C63709 /* AppDelegate.swift */; };
		83AF57F91DD62BBD00C63709 /* ViewController.swift in Sources */ = {isa = PBXBuildFile; fileRef = 83AF57F81DD62BBD00C63709 /* ViewController.swift */; };
		83AF57FC1DD62BBD00C63709 /* Main.storyboard in Resources */ = {isa = PBXBuildFile; fileRef = 83AF57FA1DD62BBD00C63709 /* Main.storyboard */; };
		83AF57FF1DD62BBD00C63709 /* Winder.xcdatamodeld in Sources */ = {isa = PBXBuildFile; fileRef = 83AF57FD1DD62BBD00C63709 /* Winder.xcdatamodeld */; };
		83AF58011DD62BBD00C63709 /* Assets.xcassets in Resources */ = {isa = PBXBuildFile; fileRef = 83AF58001DD62BBD00C63709 /* Assets.xcassets */; };
		83B716B21DE2573F0083B24D /* ChatViewController.swift in Sources */ = {isa = PBXBuildFile; fileRef = 83B716AF1DE2573F0083B24D /* ChatViewController.swift */; };
		83B716B31DE2573F0083B24D /* Conversation.swift in Sources */ = {isa = PBXBuildFile; fileRef = 83B716B01DE2573F0083B24D /* Conversation.swift */; };
		83B716B41DE2573F0083B24D /* DemoConversation.swift in Sources */ = {isa = PBXBuildFile; fileRef = 83B716B11DE2573F0083B24D /* DemoConversation.swift */; };
		BA3E38A01DD7FC7500BD373A /* MatchViewController.swift in Sources */ = {isa = PBXBuildFile; fileRef = BA3E389F1DD7FC7500BD373A /* MatchViewController.swift */; };
		BA687EF91E62339F0030940B /* libsqlite3.tbd in Frameworks */ = {isa = PBXBuildFile; fileRef = BA687EF81E62339F0030940B /* libsqlite3.tbd */; };
		BA687EFB1E673FE30030940B /* DateExtension.swift in Sources */ = {isa = PBXBuildFile; fileRef = BA687EFA1E673FE20030940B /* DateExtension.swift */; };
		BA948D4C1DE24FB3001AF134 /* OverlayView.xib in Resources */ = {isa = PBXBuildFile; fileRef = BA948D4A1DE24FB3001AF134 /* OverlayView.xib */; };
		BA948D4E1DE2502A001AF134 /* CustomOverlayView.swift in Sources */ = {isa = PBXBuildFile; fileRef = BA948D4D1DE2502A001AF134 /* CustomOverlayView.swift */; };
		BABCA0C11DE2262200DA40DA /* GoogleService-Info.plist in Resources */ = {isa = PBXBuildFile; fileRef = BABCA0C01DE2262200DA40DA /* GoogleService-Info.plist */; };
		BAEECD9F1DF2372700868C8B /* Second.storyboard in Resources */ = {isa = PBXBuildFile; fileRef = BAEECD9E1DF2372700868C8B /* Second.storyboard */; };
		E002DB401DE690490098A74B /* PersonalInfo.swift in Sources */ = {isa = PBXBuildFile; fileRef = E002DB3F1DE690490098A74B /* PersonalInfo.swift */; };
		E0178F871DD7D68C008FBE1B /* background.jpg in Resources */ = {isa = PBXBuildFile; fileRef = E0178F851DD7D68B008FBE1B /* background.jpg */; };
		E0178F881DD7D68C008FBE1B /* logo.png in Resources */ = {isa = PBXBuildFile; fileRef = E0178F861DD7D68C008FBE1B /* logo.png */; };
		E0178F8A1DD7D7E2008FBE1B /* CustomColor.swift in Sources */ = {isa = PBXBuildFile; fileRef = E0178F891DD7D7E2008FBE1B /* CustomColor.swift */; };
		E0178F8C1DD9317C008FBE1B /* background1.png in Resources */ = {isa = PBXBuildFile; fileRef = E0178F8B1DD9317C008FBE1B /* background1.png */; };
/* End PBXBuildFile section */

/* Begin PBXFileReference section */
		29EF4E43C760B559CAE48F58 /* Pods-Winder.debug.xcconfig */ = {isa = PBXFileReference; includeInIndex = 1; lastKnownFileType = text.xcconfig; name = "Pods-Winder.debug.xcconfig"; path = "Pods/Target Support Files/Pods-Winder/Pods-Winder.debug.xcconfig"; sourceTree = "<group>"; };
		4A1DE1A3083AD168C040D868 /* Pods-Winder.release.xcconfig */ = {isa = PBXFileReference; includeInIndex = 1; lastKnownFileType = text.xcconfig; name = "Pods-Winder.release.xcconfig"; path = "Pods/Target Support Files/Pods-Winder/Pods-Winder.release.xcconfig"; sourceTree = "<group>"; };
		6D4FB63AFFE0A26956D28008 /* Pods_Winder.framework */ = {isa = PBXFileReference; explicitFileType = wrapper.framework; includeInIndex = 0; path = Pods_Winder.framework; sourceTree = BUILT_PRODUCTS_DIR; };
		831840661DD7E52300FF809E /* personalViewController.swift */ = {isa = PBXFileReference; fileEncoding = 4; lastKnownFileType = sourcecode.swift; path = personalViewController.swift; sourceTree = "<group>"; };
		837279D01DF4E6BB00BDB61C /* UserCell.swift */ = {isa = PBXFileReference; fileEncoding = 4; lastKnownFileType = sourcecode.swift; path = UserCell.swift; sourceTree = "<group>"; };
		837279D11DF4E6BB00BDB61C /* MessageViewController.swift */ = {isa = PBXFileReference; fileEncoding = 4; lastKnownFileType = sourcecode.swift; path = MessageViewController.swift; sourceTree = "<group>"; };
		837279D81DF51EE900BDB61C /* ShareData.swift */ = {isa = PBXFileReference; fileEncoding = 4; lastKnownFileType = sourcecode.swift; path = ShareData.swift; sourceTree = "<group>"; };
		837279DA1DF7B36200BDB61C /* ViewOtherProfileViewController.swift */ = {isa = PBXFileReference; fileEncoding = 4; lastKnownFileType = sourcecode.swift; path = ViewOtherProfileViewController.swift; sourceTree = "<group>"; };
		83AF57F31DD62BBC00C63709 /* Winder.app */ = {isa = PBXFileReference; explicitFileType = wrapper.application; includeInIndex = 0; path = Winder.app; sourceTree = BUILT_PRODUCTS_DIR; };
		83AF57F61DD62BBD00C63709 /* AppDelegate.swift */ = {isa = PBXFileReference; lastKnownFileType = sourcecode.swift; path = AppDelegate.swift; sourceTree = "<group>"; };
		83AF57F81DD62BBD00C63709 /* ViewController.swift */ = {isa = PBXFileReference; lastKnownFileType = sourcecode.swift; path = ViewController.swift; sourceTree = "<group>"; };
		83AF57FB1DD62BBD00C63709 /* Base */ = {isa = PBXFileReference; lastKnownFileType = file.storyboard; name = Base; path = Base.lproj/Main.storyboard; sourceTree = "<group>"; };
		83AF57FE1DD62BBD00C63709 /* Winder.xcdatamodel */ = {isa = PBXFileReference; lastKnownFileType = wrapper.xcdatamodel; path = Winder.xcdatamodel; sourceTree = "<group>"; };
		83AF58001DD62BBD00C63709 /* Assets.xcassets */ = {isa = PBXFileReference; lastKnownFileType = folder.assetcatalog; path = Assets.xcassets; sourceTree = "<group>"; };
		83AF58051DD62BBD00C63709 /* Info.plist */ = {isa = PBXFileReference; lastKnownFileType = text.plist.xml; path = Info.plist; sourceTree = "<group>"; };
		83B716AF1DE2573F0083B24D /* ChatViewController.swift */ = {isa = PBXFileReference; fileEncoding = 4; lastKnownFileType = sourcecode.swift; path = ChatViewController.swift; sourceTree = "<group>"; };
		83B716B01DE2573F0083B24D /* Conversation.swift */ = {isa = PBXFileReference; fileEncoding = 4; lastKnownFileType = sourcecode.swift; path = Conversation.swift; sourceTree = "<group>"; };
		83B716B11DE2573F0083B24D /* DemoConversation.swift */ = {isa = PBXFileReference; fileEncoding = 4; lastKnownFileType = sourcecode.swift; path = DemoConversation.swift; sourceTree = "<group>"; };
		BA3E389F1DD7FC7500BD373A /* MatchViewController.swift */ = {isa = PBXFileReference; fileEncoding = 4; lastKnownFileType = sourcecode.swift; path = MatchViewController.swift; sourceTree = "<group>"; };
		BA687EF81E62339F0030940B /* libsqlite3.tbd */ = {isa = PBXFileReference; lastKnownFileType = "sourcecode.text-based-dylib-definition"; name = libsqlite3.tbd; path = usr/lib/libsqlite3.tbd; sourceTree = SDKROOT; };
		BA687EFA1E673FE20030940B /* DateExtension.swift */ = {isa = PBXFileReference; fileEncoding = 4; lastKnownFileType = sourcecode.swift; path = DateExtension.swift; sourceTree = "<group>"; };
		BA948D4B1DE24FB3001AF134 /* Base */ = {isa = PBXFileReference; lastKnownFileType = file.xib; name = Base; path = Base.lproj/OverlayView.xib; sourceTree = "<group>"; };
		BA948D4D1DE2502A001AF134 /* CustomOverlayView.swift */ = {isa = PBXFileReference; fileEncoding = 4; lastKnownFileType = sourcecode.swift; path = CustomOverlayView.swift; sourceTree = "<group>"; };
		BABCA0C01DE2262200DA40DA /* GoogleService-Info.plist */ = {isa = PBXFileReference; fileEncoding = 4; lastKnownFileType = text.plist.xml; path = "GoogleService-Info.plist"; sourceTree = "<group>"; };
		BAEECD9E1DF2372700868C8B /* Second.storyboard */ = {isa = PBXFileReference; fileEncoding = 4; lastKnownFileType = file.storyboard; path = Second.storyboard; sourceTree = "<group>"; };
		E002DB3F1DE690490098A74B /* PersonalInfo.swift */ = {isa = PBXFileReference; fileEncoding = 4; lastKnownFileType = sourcecode.swift; name = PersonalInfo.swift; path = ../PersonalInfo.swift; sourceTree = "<group>"; };
		E0178F851DD7D68B008FBE1B /* background.jpg */ = {isa = PBXFileReference; lastKnownFileType = image.jpeg; path = background.jpg; sourceTree = SOURCE_ROOT; };
		E0178F861DD7D68C008FBE1B /* logo.png */ = {isa = PBXFileReference; lastKnownFileType = image.png; path = logo.png; sourceTree = SOURCE_ROOT; };
		E0178F891DD7D7E2008FBE1B /* CustomColor.swift */ = {isa = PBXFileReference; fileEncoding = 4; lastKnownFileType = sourcecode.swift; path = CustomColor.swift; sourceTree = "<group>"; };
		E0178F8B1DD9317C008FBE1B /* background1.png */ = {isa = PBXFileReference; lastKnownFileType = image.png; path = background1.png; sourceTree = SOURCE_ROOT; };
/* End PBXFileReference section */

/* Begin PBXFrameworksBuildPhase section */
		83AF57F01DD62BBC00C63709 /* Frameworks */ = {
			isa = PBXFrameworksBuildPhase;
			buildActionMask = 2147483647;
			files = (
				BA687EF91E62339F0030940B /* libsqlite3.tbd in Frameworks */,
				17BF593F1BD29D58DE85FAC5 /* Pods_Winder.framework in Frameworks */,
			);
			runOnlyForDeploymentPostprocessing = 0;
		};
/* End PBXFrameworksBuildPhase section */

/* Begin PBXGroup section */
		003749E70E99C75B22F45BC3 /* Frameworks */ = {
			isa = PBXGroup;
			children = (
				BA687EF81E62339F0030940B /* libsqlite3.tbd */,
				6D4FB63AFFE0A26956D28008 /* Pods_Winder.framework */,
			);
			name = Frameworks;
			sourceTree = "<group>";
		};
		26819708047A605766929B9C /* Pods */ = {
			isa = PBXGroup;
			children = (
				29EF4E43C760B559CAE48F58 /* Pods-Winder.debug.xcconfig */,
				4A1DE1A3083AD168C040D868 /* Pods-Winder.release.xcconfig */,
			);
			name = Pods;
			sourceTree = "<group>";
		};
		83AF57EA1DD62BBC00C63709 = {
			isa = PBXGroup;
			children = (
				83AF57F51DD62BBC00C63709 /* Winder */,
				83AF57F41DD62BBC00C63709 /* Products */,
				26819708047A605766929B9C /* Pods */,
				003749E70E99C75B22F45BC3 /* Frameworks */,
			);
			sourceTree = "<group>";
		};
		83AF57F41DD62BBC00C63709 /* Products */ = {
			isa = PBXGroup;
			children = (
				83AF57F31DD62BBC00C63709 /* Winder.app */,
			);
			name = Products;
			sourceTree = "<group>";
		};
		83AF57F51DD62BBC00C63709 /* Winder */ = {
			isa = PBXGroup;
			children = (
				83AF57F61DD62BBD00C63709 /* AppDelegate.swift */,
				83AF57F81DD62BBD00C63709 /* ViewController.swift */,
				E002DB3F1DE690490098A74B /* PersonalInfo.swift */,
				BA3E389F1DD7FC7500BD373A /* MatchViewController.swift */,
				BA687EFA1E673FE20030940B /* DateExtension.swift */,
				831840661DD7E52300FF809E /* personalViewController.swift */,
				83AF57FA1DD62BBD00C63709 /* Main.storyboard */,
				83AF58001DD62BBD00C63709 /* Assets.xcassets */,
				83AF58051DD62BBD00C63709 /* Info.plist */,
				E0178F891DD7D7E2008FBE1B /* CustomColor.swift */,
				83AF57FD1DD62BBD00C63709 /* Winder.xcdatamodeld */,
				E0178F851DD7D68B008FBE1B /* background.jpg */,
				E0178F8B1DD9317C008FBE1B /* background1.png */,
				E0178F861DD7D68C008FBE1B /* logo.png */,
				BABCA0C01DE2262200DA40DA /* GoogleService-Info.plist */,
				BA948D4A1DE24FB3001AF134 /* OverlayView.xib */,
				BA948D4D1DE2502A001AF134 /* CustomOverlayView.swift */,
				83B716AF1DE2573F0083B24D /* ChatViewController.swift */,
				83B716B01DE2573F0083B24D /* Conversation.swift */,
				83B716B11DE2573F0083B24D /* DemoConversation.swift */,
				BAEECD9E1DF2372700868C8B /* Second.storyboard */,
				837279D01DF4E6BB00BDB61C /* UserCell.swift */,
				837279D11DF4E6BB00BDB61C /* MessageViewController.swift */,
				837279D81DF51EE900BDB61C /* ShareData.swift */,
				837279DA1DF7B36200BDB61C /* ViewOtherProfileViewController.swift */,
			);
			path = Winder;
			sourceTree = "<group>";
		};
/* End PBXGroup section */

/* Begin PBXNativeTarget section */
		83AF57F21DD62BBC00C63709 /* Winder */ = {
			isa = PBXNativeTarget;
			buildConfigurationList = 83AF58081DD62BBD00C63709 /* Build configuration list for PBXNativeTarget "Winder" */;
			buildPhases = (
				B73174BCAFB648A8D6E1D074 /* [CP] Check Pods Manifest.lock */,
				83AF57EF1DD62BBC00C63709 /* Sources */,
				83AF57F01DD62BBC00C63709 /* Frameworks */,
				83AF57F11DD62BBC00C63709 /* Resources */,
				732564C46CF9FF5569C7FB42 /* [CP] Embed Pods Frameworks */,
				71EB0F8BCC2AB076DBE26ABE /* [CP] Copy Pods Resources */,
			);
			buildRules = (
			);
			dependencies = (
			);
			name = Winder;
			productName = Winder;
			productReference = 83AF57F31DD62BBC00C63709 /* Winder.app */;
			productType = "com.apple.product-type.application";
		};
/* End PBXNativeTarget section */

/* Begin PBXProject section */
		83AF57EB1DD62BBC00C63709 /* Project object */ = {
			isa = PBXProject;
			attributes = {
				LastSwiftUpdateCheck = 0730;
				LastUpgradeCheck = 0730;
				ORGANIZATIONNAME = Winder;
				TargetAttributes = {
					83AF57F21DD62BBC00C63709 = {
						CreatedOnToolsVersion = 7.3.1;
						DevelopmentTeam = MJ9XJRGRQ2;
						LastSwiftMigration = 0820;
					};
				};
			};
			buildConfigurationList = 83AF57EE1DD62BBC00C63709 /* Build configuration list for PBXProject "Winder" */;
			compatibilityVersion = "Xcode 3.2";
			developmentRegion = English;
			hasScannedForEncodings = 0;
			knownRegions = (
				en,
				Base,
			);
			mainGroup = 83AF57EA1DD62BBC00C63709;
			productRefGroup = 83AF57F41DD62BBC00C63709 /* Products */;
			projectDirPath = "";
			projectRoot = "";
			targets = (
				83AF57F21DD62BBC00C63709 /* Winder */,
			);
		};
/* End PBXProject section */

/* Begin PBXResourcesBuildPhase section */
		83AF57F11DD62BBC00C63709 /* Resources */ = {
			isa = PBXResourcesBuildPhase;
			buildActionMask = 2147483647;
			files = (
				E0178F8C1DD9317C008FBE1B /* background1.png in Resources */,
				E0178F881DD7D68C008FBE1B /* logo.png in Resources */,
				E0178F871DD7D68C008FBE1B /* background.jpg in Resources */,
				83AF58011DD62BBD00C63709 /* Assets.xcassets in Resources */,
				BAEECD9F1DF2372700868C8B /* Second.storyboard in Resources */,
				BA948D4C1DE24FB3001AF134 /* OverlayView.xib in Resources */,
				83AF57FC1DD62BBD00C63709 /* Main.storyboard in Resources */,
				BABCA0C11DE2262200DA40DA /* GoogleService-Info.plist in Resources */,
			);
			runOnlyForDeploymentPostprocessing = 0;
		};
/* End PBXResourcesBuildPhase section */

/* Begin PBXShellScriptBuildPhase section */
		71EB0F8BCC2AB076DBE26ABE /* [CP] Copy Pods Resources */ = {
			isa = PBXShellScriptBuildPhase;
			buildActionMask = 2147483647;
			files = (
			);
			inputPaths = (
			);
			name = "[CP] Copy Pods Resources";
			outputPaths = (
			);
			runOnlyForDeploymentPostprocessing = 0;
			shellPath = /bin/sh;
			shellScript = "\"${SRCROOT}/Pods/Target Support Files/Pods-Winder/Pods-Winder-resources.sh\"\n";
			showEnvVarsInLog = 0;
		};
		732564C46CF9FF5569C7FB42 /* [CP] Embed Pods Frameworks */ = {
			isa = PBXShellScriptBuildPhase;
			buildActionMask = 2147483647;
			files = (
			);
			inputPaths = (
			);
			name = "[CP] Embed Pods Frameworks";
			outputPaths = (
			);
			runOnlyForDeploymentPostprocessing = 0;
			shellPath = /bin/sh;
			shellScript = "\"${SRCROOT}/Pods/Target Support Files/Pods-Winder/Pods-Winder-frameworks.sh\"\n";
			showEnvVarsInLog = 0;
		};
		B73174BCAFB648A8D6E1D074 /* [CP] Check Pods Manifest.lock */ = {
			isa = PBXShellScriptBuildPhase;
			buildActionMask = 2147483647;
			files = (
			);
			inputPaths = (
			);
			name = "[CP] Check Pods Manifest.lock";
			outputPaths = (
			);
			runOnlyForDeploymentPostprocessing = 0;
			shellPath = /bin/sh;
			shellScript = "diff \"${PODS_ROOT}/../Podfile.lock\" \"${PODS_ROOT}/Manifest.lock\" > /dev/null\nif [ $? != 0 ] ; then\n    # print error to STDERR\n    echo \"error: The sandbox is not in sync with the Podfile.lock. Run 'pod install' or update your CocoaPods installation.\" >&2\n    exit 1\nfi\n";
			showEnvVarsInLog = 0;
		};
/* End PBXShellScriptBuildPhase section */

/* Begin PBXSourcesBuildPhase section */
		83AF57EF1DD62BBC00C63709 /* Sources */ = {
			isa = PBXSourcesBuildPhase;
			buildActionMask = 2147483647;
			files = (
				83B716B31DE2573F0083B24D /* Conversation.swift in Sources */,
				837279D31DF4E6BB00BDB61C /* MessageViewController.swift in Sources */,
				BA3E38A01DD7FC7500BD373A /* MatchViewController.swift in Sources */,
				83AF57F91DD62BBD00C63709 /* ViewController.swift in Sources */,
				BA948D4E1DE2502A001AF134 /* CustomOverlayView.swift in Sources */,
				83B716B41DE2573F0083B24D /* DemoConversation.swift in Sources */,
				E002DB401DE690490098A74B /* PersonalInfo.swift in Sources */,
				83AF57F71DD62BBD00C63709 /* AppDelegate.swift in Sources */,
				83B716B21DE2573F0083B24D /* ChatViewController.swift in Sources */,
				BA687EFB1E673FE30030940B /* DateExtension.swift in Sources */,
				837279DB1DF7B36200BDB61C /* ViewOtherProfileViewController.swift in Sources */,
				837279D21DF4E6BB00BDB61C /* UserCell.swift in Sources */,
				E0178F8A1DD7D7E2008FBE1B /* CustomColor.swift in Sources */,
				837279D91DF51EE900BDB61C /* ShareData.swift in Sources */,
				831840671DD7E52300FF809E /* personalViewController.swift in Sources */,
				83AF57FF1DD62BBD00C63709 /* Winder.xcdatamodeld in Sources */,
			);
			runOnlyForDeploymentPostprocessing = 0;
		};
/* End PBXSourcesBuildPhase section */

/* Begin PBXVariantGroup section */
		83AF57FA1DD62BBD00C63709 /* Main.storyboard */ = {
			isa = PBXVariantGroup;
			children = (
				83AF57FB1DD62BBD00C63709 /* Base */,
			);
			name = Main.storyboard;
			sourceTree = "<group>";
		};
		BA948D4A1DE24FB3001AF134 /* OverlayView.xib */ = {
			isa = PBXVariantGroup;
			children = (
				BA948D4B1DE24FB3001AF134 /* Base */,
			);
			name = OverlayView.xib;
			sourceTree = "<group>";
		};
/* End PBXVariantGroup section */

/* Begin XCBuildConfiguration section */
		83AF58061DD62BBD00C63709 /* Debug */ = {
			isa = XCBuildConfiguration;
			buildSettings = {
				ALWAYS_SEARCH_USER_PATHS = NO;
				CLANG_ANALYZER_NONNULL = YES;
				CLANG_CXX_LANGUAGE_STANDARD = "gnu++0x";
				CLANG_CXX_LIBRARY = "libc++";
				CLANG_ENABLE_MODULES = YES;
				CLANG_ENABLE_OBJC_ARC = YES;
				CLANG_WARN_BOOL_CONVERSION = YES;
				CLANG_WARN_CONSTANT_CONVERSION = YES;
				CLANG_WARN_DIRECT_OBJC_ISA_USAGE = YES_ERROR;
				CLANG_WARN_EMPTY_BODY = YES;
				CLANG_WARN_ENUM_CONVERSION = YES;
				CLANG_WARN_INT_CONVERSION = YES;
				CLANG_WARN_OBJC_ROOT_CLASS = YES_ERROR;
				CLANG_WARN_UNREACHABLE_CODE = YES;
				CLANG_WARN__DUPLICATE_METHOD_MATCH = YES;
				"CODE_SIGN_IDENTITY[sdk=iphoneos*]" = "iPhone Developer";
				COPY_PHASE_STRIP = NO;
				DEBUG_INFORMATION_FORMAT = dwarf;
				DEVELOPMENT_TEAM = MJ9XJRGRQ2;
				ENABLE_STRICT_OBJC_MSGSEND = YES;
				ENABLE_TESTABILITY = YES;
				GCC_C_LANGUAGE_STANDARD = gnu99;
				GCC_DYNAMIC_NO_PIC = NO;
				GCC_NO_COMMON_BLOCKS = YES;
				GCC_OPTIMIZATION_LEVEL = 0;
				GCC_PREPROCESSOR_DEFINITIONS = (
					"DEBUG=1",
					"$(inherited)",
				);
				GCC_WARN_64_TO_32_BIT_CONVERSION = YES;
				GCC_WARN_ABOUT_RETURN_TYPE = YES_ERROR;
				GCC_WARN_UNDECLARED_SELECTOR = YES;
				GCC_WARN_UNINITIALIZED_AUTOS = YES_AGGRESSIVE;
				GCC_WARN_UNUSED_FUNCTION = YES;
				GCC_WARN_UNUSED_VARIABLE = YES;
				IPHONEOS_DEPLOYMENT_TARGET = 10.2;
				MTL_ENABLE_DEBUG_INFO = YES;
				ONLY_ACTIVE_ARCH = YES;
				SDKROOT = iphoneos;
				SWIFT_OPTIMIZATION_LEVEL = "-Onone";
			};
			name = Debug;
		};
		83AF58071DD62BBD00C63709 /* Release */ = {
			isa = XCBuildConfiguration;
			buildSettings = {
				ALWAYS_SEARCH_USER_PATHS = NO;
				CLANG_ANALYZER_NONNULL = YES;
				CLANG_CXX_LANGUAGE_STANDARD = "gnu++0x";
				CLANG_CXX_LIBRARY = "libc++";
				CLANG_ENABLE_MODULES = YES;
				CLANG_ENABLE_OBJC_ARC = YES;
				CLANG_WARN_BOOL_CONVERSION = YES;
				CLANG_WARN_CONSTANT_CONVERSION = YES;
				CLANG_WARN_DIRECT_OBJC_ISA_USAGE = YES_ERROR;
				CLANG_WARN_EMPTY_BODY = YES;
				CLANG_WARN_ENUM_CONVERSION = YES;
				CLANG_WARN_INT_CONVERSION = YES;
				CLANG_WARN_OBJC_ROOT_CLASS = YES_ERROR;
				CLANG_WARN_UNREACHABLE_CODE = YES;
				CLANG_WARN__DUPLICATE_METHOD_MATCH = YES;
				"CODE_SIGN_IDENTITY[sdk=iphoneos*]" = "iPhone Developer";
				COPY_PHASE_STRIP = NO;
				DEBUG_INFORMATION_FORMAT = "dwarf-with-dsym";
				DEVELOPMENT_TEAM = MJ9XJRGRQ2;
				ENABLE_NS_ASSERTIONS = NO;
				ENABLE_STRICT_OBJC_MSGSEND = YES;
				GCC_C_LANGUAGE_STANDARD = gnu99;
				GCC_NO_COMMON_BLOCKS = YES;
				GCC_WARN_64_TO_32_BIT_CONVERSION = YES;
				GCC_WARN_ABOUT_RETURN_TYPE = YES_ERROR;
				GCC_WARN_UNDECLARED_SELECTOR = YES;
				GCC_WARN_UNINITIALIZED_AUTOS = YES_AGGRESSIVE;
				GCC_WARN_UNUSED_FUNCTION = YES;
				GCC_WARN_UNUSED_VARIABLE = YES;
				IPHONEOS_DEPLOYMENT_TARGET = 10.2;
				MTL_ENABLE_DEBUG_INFO = NO;
				SDKROOT = iphoneos;
				VALIDATE_PRODUCT = YES;
			};
			name = Release;
		};
		83AF58091DD62BBD00C63709 /* Debug */ = {
			isa = XCBuildConfiguration;
			baseConfigurationReference = 29EF4E43C760B559CAE48F58 /* Pods-Winder.debug.xcconfig */;
			buildSettings = {
				ASSETCATALOG_COMPILER_APPICON_NAME = AppIcon;
				CODE_SIGN_IDENTITY = "iPhone Developer";
				"CODE_SIGN_IDENTITY[sdk=iphoneos*]" = "iPhone Developer";
				DEVELOPMENT_TEAM = MJ9XJRGRQ2;
				INFOPLIST_FILE = Winder/Info.plist;
				LD_RUNPATH_SEARCH_PATHS = "$(inherited) @executable_path/Frameworks";
				PRODUCT_BUNDLE_IDENTIFIER = com.winder.Winder;
				PRODUCT_NAME = "$(TARGET_NAME)";
				PROVISIONING_PROFILE = "";
				SWIFT_VERSION = 3.0;
			};
			name = Debug;
		};
		83AF580A1DD62BBD00C63709 /* Release */ = {
			isa = XCBuildConfiguration;
			baseConfigurationReference = 4A1DE1A3083AD168C040D868 /* Pods-Winder.release.xcconfig */;
			buildSettings = {
				ASSETCATALOG_COMPILER_APPICON_NAME = AppIcon;
				CODE_SIGN_IDENTITY = "iPhone Developer";
				"CODE_SIGN_IDENTITY[sdk=iphoneos*]" = "iPhone Developer";
				DEVELOPMENT_TEAM = MJ9XJRGRQ2;
				INFOPLIST_FILE = Winder/Info.plist;
				LD_RUNPATH_SEARCH_PATHS = "$(inherited) @executable_path/Frameworks";
				PRODUCT_BUNDLE_IDENTIFIER = com.winder.Winder;
				PRODUCT_NAME = "$(TARGET_NAME)";
				PROVISIONING_PROFILE = "";
				SWIFT_VERSION = 3.0;
			};
			name = Release;
		};
/* End XCBuildConfiguration section */

/* Begin XCConfigurationList section */
		83AF57EE1DD62BBC00C63709 /* Build configuration list for PBXProject "Winder" */ = {
			isa = XCConfigurationList;
			buildConfigurations = (
				83AF58061DD62BBD00C63709 /* Debug */,
				83AF58071DD62BBD00C63709 /* Release */,
			);
			defaultConfigurationIsVisible = 0;
			defaultConfigurationName = Release;
		};
		83AF58081DD62BBD00C63709 /* Build configuration list for PBXNativeTarget "Winder" */ = {
			isa = XCConfigurationList;
			buildConfigurations = (
				83AF58091DD62BBD00C63709 /* Debug */,
				83AF580A1DD62BBD00C63709 /* Release */,
			);
			defaultConfigurationIsVisible = 0;
			defaultConfigurationName = Release;
		};
/* End XCConfigurationList section */

/* Begin XCVersionGroup section */
		83AF57FD1DD62BBD00C63709 /* Winder.xcdatamodeld */ = {
			isa = XCVersionGroup;
			children = (
				83AF57FE1DD62BBD00C63709 /* Winder.xcdatamodel */,
			);
			currentVersion = 83AF57FE1DD62BBD00C63709 /* Winder.xcdatamodel */;
			path = Winder.xcdatamodeld;
			sourceTree = "<group>";
			versionGroupType = wrapper.xcdatamodel;
		};
/* End XCVersionGroup section */
	};
	rootObject = 83AF57EB1DD62BBC00C63709 /* Project object */;
}
